github.com/TobiasYin v0.0.0-20210722100113-4763f75e8ad4 h1:Kun3y4K/p3H51IBUoEBRDPmhEk5nWkqr7u9pX0F9vEU=
github.com/TobiasYin v0.0.0-20210722100113-4763f75e8ad4/go.mod h1:gwbNyQJbs5TrqM3IQHRFX/yHP+7+kVC7UwZvUUD920c=
github.com/TobiasYin v0.0.0-20210722102945-8e8c50a75e7a h1:jmYyXyuGr4c/WtMiOpUlZQl28nsTA1ev6isWwZ9LzFU=
github.com/TobiasYin v0.0.0-20210722102945-8e8c50a75e7a/go.mod h1:gwbNyQJbs5TrqM3IQHRFX/yHP+7+kVC7UwZvUUD920c=
